
Microsoft Visual Studio Solution File, Format Version 12.00
# Visual Studio 15
VisualStudioVersion = 15.0.28010.2046
MinimumVisualStudioVersion = 10.0.40219.1
Project("{9A19103F-16F7-4668-BE54-9A1E7A4F7556}") = "CodeChange.Toolkit", "CodeChange.Toolkit\CodeChange.Toolkit.csproj", "{F666D9B6-FA2A-4022-81BE-88FBF5701CCB}"
EndProject
Project("{9A19103F-16F7-4668-BE54-9A1E7A4F7556}") = "CodeChange.Toolkit.Tests", "CodeChange.Toolkit.Tests\CodeChange.Toolkit.Tests.csproj", "{B7EF1099-B65D-45E2-82A3-AF96A3CD9DD3}"
EndProject
Project("{FAE04EC0-301F-11D3-BF4B-00C04F79EFBC}") = "CodeChange.Toolkit.WebApi", "CodeChange.Toolkit.WebApi\CodeChange.Toolkit.WebApi.csproj", "{49D3FB52-1753-4437-9DD6-C34DBFC253B9}"
EndProject
Project("{FAE04EC0-301F-11D3-BF4B-00C04F79EFBC}") = "CodeChange.Toolkit.Domain", "CodeChange.Toolkit.Domain\CodeChange.Toolkit.Domain.csproj", "{C44E4807-F37D-4D11-AE28-BDF417D2A6C3}"
EndProject
Global
	GlobalSection(SolutionConfigurationPlatforms) = preSolution
		Debug|Any CPU = Debug|Any CPU
		Release|Any CPU = Release|Any CPU
	EndGlobalSection
	GlobalSection(ProjectConfigurationPlatforms) = postSolution
		{F666D9B6-FA2A-4022-81BE-88FBF5701CCB}.Debug|Any CPU.ActiveCfg = Debug|Any CPU
		{F666D9B6-FA2A-4022-81BE-88FBF5701CCB}.Debug|Any CPU.Build.0 = Debug|Any CPU
		{F666D9B6-FA2A-4022-81BE-88FBF5701CCB}.Release|Any CPU.ActiveCfg = Release|Any CPU
		{F666D9B6-FA2A-4022-81BE-88FBF5701CCB}.Release|Any CPU.Build.0 = Release|Any CPU
		{B7EF1099-B65D-45E2-82A3-AF96A3CD9DD3}.Debug|Any CPU.ActiveCfg = Debug|Any CPU
		{B7EF1099-B65D-45E2-82A3-AF96A3CD9DD3}.Debug|Any CPU.Build.0 = Debug|Any CPU
		{B7EF1099-B65D-45E2-82A3-AF96A3CD9DD3}.Release|Any CPU.ActiveCfg = Release|Any CPU
		{B7EF1099-B65D-45E2-82A3-AF96A3CD9DD3}.Release|Any CPU.Build.0 = Release|Any CPU
		{49D3FB52-1753-4437-9DD6-C34DBFC253B9}.Debug|Any CPU.ActiveCfg = Debug|Any CPU
		{49D3FB52-1753-4437-9DD6-C34DBFC253B9}.Debug|Any CPU.Build.0 = Debug|Any CPU
		{49D3FB52-1753-4437-9DD6-C34DBFC253B9}.Release|Any CPU.ActiveCfg = Release|Any CPU
		{49D3FB52-1753-4437-9DD6-C34DBFC253B9}.Release|Any CPU.Build.0 = Release|Any CPU
		{C44E4807-F37D-4D11-AE28-BDF417D2A6C3}.Debug|Any CPU.ActiveCfg = Debug|Any CPU
		{C44E4807-F37D-4D11-AE28-BDF417D2A6C3}.Debug|Any CPU.Build.0 = Debug|Any CPU
		{C44E4807-F37D-4D11-AE28-BDF417D2A6C3}.Release|Any CPU.ActiveCfg = Release|Any CPU
		{C44E4807-F37D-4D11-AE28-BDF417D2A6C3}.Release|Any CPU.Build.0 = Release|Any CPU
	EndGlobalSection
	GlobalSection(SolutionProperties) = preSolution
		HideSolutionNode = FALSE
	EndGlobalSection
	GlobalSection(ExtensibilityGlobals) = postSolution
		SolutionGuid = {321F7234-4A40-4F48-BC07-708960EC1AA9}
	EndGlobalSection
EndGlobal
